// !$*UTF8*$!
{
	archiveVersion = 1;
	classes = {
	};
	objectVersion = 77;
	objects = {

/* Begin PBXBuildFile section */
		03552D23D28F9FFCADF18CA3 /* ServiceContainer.swift in Sources */ = {isa = PBXBuildFile; fileRef = E20F665DD9F0E1CF4DB9F8B8 /* ServiceContainer.swift */; };
		0484AD5D713F4E49BC6D90D3 /* ExportDisplayPropertyTests.swift in Sources */ = {isa = PBXBuildFile; fileRef = 4B07C82C991B2396D0CBA7AA /* ExportDisplayPropertyTests.swift */; };
		055425152A290414C14641C2 /* PlayoffBracket.swift in Sources */ = {isa = PBXBuildFile; fileRef = ACF98304BC8F0B7B13A39BEF /* PlayoffBracket.swift */; };
		0756D8252746927D8038E8E6 /* PowerRankingsCalculatorTests.swift in Sources */ = {isa = PBXBuildFile; fileRef = 1A97602C08A2F65A45CCC783 /* PowerRankingsCalculatorTests.swift */; };
		0ABE57D5E91FAF8CE14631AB /* BackgroundRefreshService.swift in Sources */ = {isa = PBXBuildFile; fileRef = 95876B151A430A8DA668164B /* BackgroundRefreshService.swift */; };
		1063392D1DBCC055F13FEE4F /* LeagueSettings.swift in Sources */ = {isa = PBXBuildFile; fileRef = BAAF372220B84CF6BF3322DC /* LeagueSettings.swift */; };
		17B427A5644D8006D884369B /* SkidmarkApp.swift in Sources */ = {isa = PBXBuildFile; fileRef = A5FAD9A34D3379D7EA8DB20D /* SkidmarkApp.swift */; };
		1CDA6D2CC95C364C672D152B /* SettingsView.swift in Sources */ = {isa = PBXBuildFile; fileRef = 175C5F7EC7BB092B34745167 /* SettingsView.swift */; };
		20B845737D2B0CB59D60C740 /* RoastCachePropertyTests.swift in Sources */ = {isa = PBXBuildFile; fileRef = CADC8B4A8B32DAA651D61C72 /* RoastCachePropertyTests.swift */; };
		28D6521C6FF0462DE68C70FA /* BackendService.swift in Sources */ = {isa = PBXBuildFile; fileRef = 86385B969EE4AF521DC01197 /* BackendService.swift */; };
		2DEB0D1476CC8207D1823116 /* TeamTests.swift in Sources */ = {isa = PBXBuildFile; fileRef = 057CFFABE9679351778B24CC /* TeamTests.swift */; };
		300803F6488CD4B3E48C850D /* RoastPropertyTests.swift in Sources */ = {isa = PBXBuildFile; fileRef = B4BAFB2602718924B1AE84DB /* RoastPropertyTests.swift */; };
		31F1AEDBA906EC2357BCF529 /* SleeperServiceTests.swift in Sources */ = {isa = PBXBuildFile; fileRef = B7F39D977E0E7CCAFCB1936D /* SleeperServiceTests.swift */; };
		32FAAFE88C78DB91EEB63EDE /* ESPNService.swift in Sources */ = {isa = PBXBuildFile; fileRef = 39012CC6B66E61FCCD4535D7 /* ESPNService.swift */; };
		3C55A595E5CB0980A7F8AB2D /* SeasonHelper.swift in Sources */ = {isa = PBXBuildFile; fileRef = 0B453994BB178AD8B62A80C1 /* SeasonHelper.swift */; };
		3C64E16CDEA37125A9354D26 /* Assets.xcassets in Resources */ = {isa = PBXBuildFile; fileRef = 5A1B8FFD05B664DB2BE66A61 /* Assets.xcassets */; };
		46E751998BAB89141E21DC7E /* PowerRankingsPropertyTests.swift in Sources */ = {isa = PBXBuildFile; fileRef = B9611C618C3B87C3B1EE14A4 /* PowerRankingsPropertyTests.swift */; };
		4C4A36F56D85D36D8074CE95 /* ESPNAuthenticationService.swift in Sources */ = {isa = PBXBuildFile; fileRef = 1D84702D813C5DB53AFEE77B /* ESPNAuthenticationService.swift */; };
		4F4F4F51A41B1F4EC5C6EA9A /* LeagueListView.swift in Sources */ = {isa = PBXBuildFile; fileRef = BC8F3B392F1B55AB85214263 /* LeagueListView.swift */; };
		5839A1194DB33C052283A271 /* BackendServicePropertyTests.swift in Sources */ = {isa = PBXBuildFile; fileRef = BB35B2EC7BD411C9D60297BA /* BackendServicePropertyTests.swift */; };
		58F31E4CCDAA159B90662335 /* RetryableService.swift in Sources */ = {isa = PBXBuildFile; fileRef = D8BCC984201D98D572F62BBB /* RetryableService.swift */; };
		5A9079A5EF1ADB63DE9B2D4D /* SleeperParsingPropertyTests.swift in Sources */ = {isa = PBXBuildFile; fileRef = 1A8A9E0AE8AEA12EBB14363A /* SleeperParsingPropertyTests.swift */; };
		5BAC971106E6A3AF9BD0A1C5 /* StoragePropertyTests.swift in Sources */ = {isa = PBXBuildFile; fileRef = 4532BAF6247BD8F9EF574404 /* StoragePropertyTests.swift */; };
		5DFA270E257F9665397DF872 /* HomeView.swift in Sources */ = {isa = PBXBuildFile; fileRef = D7CE63C526865A0711E60F3D /* HomeView.swift */; };
		63E457E69755F8442F39FFD8 /* MultiLeaguePropertyTests.swift in Sources */ = {isa = PBXBuildFile; fileRef = A155AF316B476649D67D4200 /* MultiLeaguePropertyTests.swift */; };
		63F783B4679EE9952857ED19 /* Team.swift in Sources */ = {isa = PBXBuildFile; fileRef = D7D5D2FA9856A4434DB64997 /* Team.swift */; };
		646F7CB59A0858BB303AC33E /* StorageService.swift in Sources */ = {isa = PBXBuildFile; fileRef = D914FC653DDDBA675E55CE0C /* StorageService.swift */; };
		6E3326677BE8ABDAD2E6F487 /* ManualCredentialEntryView.swift in Sources */ = {isa = PBXBuildFile; fileRef = 3A163119E7B37E6EACAD5DB9 /* ManualCredentialEntryView.swift */; };
		78418306AEB99FBF0CCC8361 /* StandingsCalculator.swift in Sources */ = {isa = PBXBuildFile; fileRef = AF1EAD9F072CF15A055A4C52 /* StandingsCalculator.swift */; };
		7976A859781FE1354C182118 /* SeasonPhasePropertyTests.swift in Sources */ = {isa = PBXBuildFile; fileRef = 70BDA420E892E7A7EB1C2AFD /* SeasonPhasePropertyTests.swift */; };
		7E0211F2D8E36D1E128001D7 /* SwiftCheck in Frameworks */ = {isa = PBXBuildFile; productRef = 637A67899E28422D08A59A46 /* SwiftCheck */; };
		7E9C0F4C736A0F9029F99794 /* LeagueContextViewModel.swift in Sources */ = {isa = PBXBuildFile; fileRef = C9D5A94DEE69C431A9577CE4 /* LeagueContextViewModel.swift */; };
		842BBA5F9E7FD597E60EFE87 /* SleeperService.swift in Sources */ = {isa = PBXBuildFile; fileRef = CFED403E82537AB551765FDE /* SleeperService.swift */; };
		84FA3B2EEBFB9BAAFF63E020 /* TeamCardView.swift in Sources */ = {isa = PBXBuildFile; fileRef = 6B6E171CEF8B9475020124B0 /* TeamCardView.swift */; };
		8B33ACAB69ACE38DDEA610F4 /* KeychainService.swift in Sources */ = {isa = PBXBuildFile; fileRef = 787B1671724FEC0CE927561A /* KeychainService.swift */; };
		8E2685B105929FA260B2C882 /* WeeklyRoastCache.swift in Sources */ = {isa = PBXBuildFile; fileRef = 8787C5700D8BC94A306A5577 /* WeeklyRoastCache.swift */; };
		98D069C1F7438ACBE76936F4 /* ViewModelTests.swift in Sources */ = {isa = PBXBuildFile; fileRef = 7832598505E171CBC5C807E9 /* ViewModelTests.swift */; };
		9A59F72B2038D66062D4B7C9 /* PowerRankingsView.swift in Sources */ = {isa = PBXBuildFile; fileRef = 1C2099BF0CA93F9541880011 /* PowerRankingsView.swift */; };
		A8FA1A62C7FFA305FC2BD884 /* SeasonPhase.swift in Sources */ = {isa = PBXBuildFile; fileRef = 852F7694D5BA78F3283B4782 /* SeasonPhase.swift */; };
		AABD80F10705B5B7FAC688EF /* DataRefreshPropertyTests.swift in Sources */ = {isa = PBXBuildFile; fileRef = 08059A741D6C66C0AE7CC7F4 /* DataRefreshPropertyTests.swift */; };
		B08AEAC82F21E1C2E4FF3100 /* StorageServiceTests.swift in Sources */ = {isa = PBXBuildFile; fileRef = 71D2821B7BF951FD2191B891 /* StorageServiceTests.swift */; };
		B1649D006D3D731A163F3D2E /* MainTabView.swift in Sources */ = {isa = PBXBuildFile; fileRef = 4A3FBA676809938308E5E2DE /* MainTabView.swift */; };
		B2539DCE0D72381C8129AAF0 /* LeagueContext.swift in Sources */ = {isa = PBXBuildFile; fileRef = 888297CF9AD257E4499F5B8E /* LeagueContext.swift */; };
		B2C29BF5D4B981AD59DE077C /* WeeklyMatchup.swift in Sources */ = {isa = PBXBuildFile; fileRef = FC4379BA0FB8321A70A9492A /* WeeklyMatchup.swift */; };
		B30735393B6CF385B4340A21 /* LeagueContextView.swift in Sources */ = {isa = PBXBuildFile; fileRef = 164345739F43CE38DE992EDC /* LeagueContextView.swift */; };
		BBA2948478412410121580B1 /* PowerRankingsViewModel.swift in Sources */ = {isa = PBXBuildFile; fileRef = 99FAC81FFE52CF7DBB96D524 /* PowerRankingsViewModel.swift */; };
		C72A416E60039D8507E11171 /* WeekNavigationPropertyTests.swift in Sources */ = {isa = PBXBuildFile; fileRef = 2922A8F323820A9A93110A05 /* WeekNavigationPropertyTests.swift */; };
		CA140CE7A0B27FEADB55A527 /* LeagueListViewModel.swift in Sources */ = {isa = PBXBuildFile; fileRef = 65B17C303F82ECEDDBB362B2 /* LeagueListViewModel.swift */; };
		CC241C02D748E1AF0CC82B3B /* ESPNCredentialManagementView.swift in Sources */ = {isa = PBXBuildFile; fileRef = 0F5D4C1F4DC252B5EA1D4A30 /* ESPNCredentialManagementView.swift */; };
		CC8E8499A08A2B8A3E6A70AF /* RetryPolicy.swift in Sources */ = {isa = PBXBuildFile; fileRef = AC8A1C0000AC63BBCD11EDC9 /* RetryPolicy.swift */; };
		D6D54A0DF4B0D5C93CDA94BD /* DataPersistencePropertyTests.swift in Sources */ = {isa = PBXBuildFile; fileRef = FC01DDF8C7BB59FEAD87112A /* DataPersistencePropertyTests.swift */; };
		D6EA825BD490421E75BEC430 /* ESPNServiceTests.swift in Sources */ = {isa = PBXBuildFile; fileRef = C625279257752EEFC5E403BD /* ESPNServiceTests.swift */; };
		E07BC67B9EA143C4F44AE5EB /* ContentView.swift in Sources */ = {isa = PBXBuildFile; fileRef = 6585C6F2FAE781512C01D403 /* ContentView.swift */; };
		E3CA06E11957DB7F9E5FBC44 /* KeychainServiceTests.swift in Sources */ = {isa = PBXBuildFile; fileRef = 24332FBFAEFB340173259C2F /* KeychainServiceTests.swift */; };
		E4A09D37AF441ECE63C4640F /* ESPNParsingPropertyTests.swift in Sources */ = {isa = PBXBuildFile; fileRef = 75DE924C9EFC9241AA494783 /* ESPNParsingPropertyTests.swift */; };
		E676AB63A36E634AD2C7ACEB /* LeagueDataService.swift in Sources */ = {isa = PBXBuildFile; fileRef = AA34FD558CA029CF5BF87E5F /* LeagueDataService.swift */; };
		E7BD92C90CAECE5CDE25D9A0 /* TestUtilities.swift in Sources */ = {isa = PBXBuildFile; fileRef = 2BA4792BBCCA3587C8F311FE /* TestUtilities.swift */; };
		E84694067F420D032424ADB9 /* ESPNAuthOptionsView.swift in Sources */ = {isa = PBXBuildFile; fileRef = A416F129A81CA1622C044604 /* ESPNAuthOptionsView.swift */; };
		F0FEB9238DECB0F09DAAA6DA /* PowerRankingsCalculator.swift in Sources */ = {isa = PBXBuildFile; fileRef = 50A10E5F4668322C1A88192E /* PowerRankingsCalculator.swift */; };
		F4B516382D56F1E0042F3F02 /* BackendServiceTests.swift in Sources */ = {isa = PBXBuildFile; fileRef = BFDF0C51F213527D727B3395 /* BackendServiceTests.swift */; };
		F6B10B9B438B2E80B5A05F5E /* League.swift in Sources */ = {isa = PBXBuildFile; fileRef = 17FA4C67C057B7D215B91347 /* League.swift */; };
		F866D2475CB39CC260B133A2 /* NetworkMonitor.swift in Sources */ = {isa = PBXBuildFile; fileRef = 47C345A83CE0AAE5F6A9CA09 /* NetworkMonitor.swift */; };
/* End PBXBuildFile section */

/* Begin PBXContainerItemProxy section */
		4A1D478927CF14A78778D290 /* PBXContainerItemProxy */ = {
			isa = PBXContainerItemProxy;
			containerPortal = E17234DCA30F34927AC6B8CC /* Project object */;
			proxyType = 1;
			remoteGlobalIDString = 7E2A87E0641BEFA72A483C9E;
			remoteInfo = SkidmarkApp;
		};
/* End PBXContainerItemProxy section */

/* Begin PBXFileReference section */
		057CFFABE9679351778B24CC /* TeamTests.swift */ = {isa = PBXFileReference; lastKnownFileType = sourcecode.swift; path = TeamTests.swift; sourceTree = "<group>"; };
		08059A741D6C66C0AE7CC7F4 /* DataRefreshPropertyTests.swift */ = {isa = PBXFileReference; lastKnownFileType = sourcecode.swift; path = DataRefreshPropertyTests.swift; sourceTree = "<group>"; };
		0B01877AA7250B1B26391EEC /* SkidmarkApp.app */ = {isa = PBXFileReference; includeInIndex = 0; lastKnownFileType = wrapper.application; path = SkidmarkApp.app; sourceTree = BUILT_PRODUCTS_DIR; };
		0B453994BB178AD8B62A80C1 /* SeasonHelper.swift */ = {isa = PBXFileReference; lastKnownFileType = sourcecode.swift; path = SeasonHelper.swift; sourceTree = "<group>"; };
		0F5D4C1F4DC252B5EA1D4A30 /* ESPNCredentialManagementView.swift */ = {isa = PBXFileReference; lastKnownFileType = sourcecode.swift; path = ESPNCredentialManagementView.swift; sourceTree = "<group>"; };
		164345739F43CE38DE992EDC /* LeagueContextView.swift */ = {isa = PBXFileReference; lastKnownFileType = sourcecode.swift; path = LeagueContextView.swift; sourceTree = "<group>"; };
		175C5F7EC7BB092B34745167 /* SettingsView.swift */ = {isa = PBXFileReference; lastKnownFileType = sourcecode.swift; path = SettingsView.swift; sourceTree = "<group>"; };
		17FA4C67C057B7D215B91347 /* League.swift */ = {isa = PBXFileReference; lastKnownFileType = sourcecode.swift; path = League.swift; sourceTree = "<group>"; };
		1A8A9E0AE8AEA12EBB14363A /* SleeperParsingPropertyTests.swift */ = {isa = PBXFileReference; lastKnownFileType = sourcecode.swift; path = SleeperParsingPropertyTests.swift; sourceTree = "<group>"; };
		1A97602C08A2F65A45CCC783 /* PowerRankingsCalculatorTests.swift */ = {isa = PBXFileReference; lastKnownFileType = sourcecode.swift; path = PowerRankingsCalculatorTests.swift; sourceTree = "<group>"; };
		1C2099BF0CA93F9541880011 /* PowerRankingsView.swift */ = {isa = PBXFileReference; lastKnownFileType = sourcecode.swift; path = PowerRankingsView.swift; sourceTree = "<group>"; };
		1D84702D813C5DB53AFEE77B /* ESPNAuthenticationService.swift */ = {isa = PBXFileReference; lastKnownFileType = sourcecode.swift; path = ESPNAuthenticationService.swift; sourceTree = "<group>"; };
		24332FBFAEFB340173259C2F /* KeychainServiceTests.swift */ = {isa = PBXFileReference; lastKnownFileType = sourcecode.swift; path = KeychainServiceTests.swift; sourceTree = "<group>"; };
		2922A8F323820A9A93110A05 /* WeekNavigationPropertyTests.swift */ = {isa = PBXFileReference; lastKnownFileType = sourcecode.swift; path = WeekNavigationPropertyTests.swift; sourceTree = "<group>"; };
		2BA4792BBCCA3587C8F311FE /* TestUtilities.swift */ = {isa = PBXFileReference; lastKnownFileType = sourcecode.swift; path = TestUtilities.swift; sourceTree = "<group>"; };
		2FDA3F5FC4F67F6F7B525D87 /* SkidmarkAppTests.xctest */ = {isa = PBXFileReference; includeInIndex = 0; lastKnownFileType = wrapper.cfbundle; path = SkidmarkAppTests.xctest; sourceTree = BUILT_PRODUCTS_DIR; };
		39012CC6B66E61FCCD4535D7 /* ESPNService.swift */ = {isa = PBXFileReference; lastKnownFileType = sourcecode.swift; path = ESPNService.swift; sourceTree = "<group>"; };
		3A163119E7B37E6EACAD5DB9 /* ManualCredentialEntryView.swift */ = {isa = PBXFileReference; lastKnownFileType = sourcecode.swift; path = ManualCredentialEntryView.swift; sourceTree = "<group>"; };
		4532BAF6247BD8F9EF574404 /* StoragePropertyTests.swift */ = {isa = PBXFileReference; lastKnownFileType = sourcecode.swift; path = StoragePropertyTests.swift; sourceTree = "<group>"; };
		47C345A83CE0AAE5F6A9CA09 /* NetworkMonitor.swift */ = {isa = PBXFileReference; lastKnownFileType = sourcecode.swift; path = NetworkMonitor.swift; sourceTree = "<group>"; };
		4A3FBA676809938308E5E2DE /* MainTabView.swift */ = {isa = PBXFileReference; lastKnownFileType = sourcecode.swift; path = MainTabView.swift; sourceTree = "<group>"; };
		4B07C82C991B2396D0CBA7AA /* ExportDisplayPropertyTests.swift */ = {isa = PBXFileReference; lastKnownFileType = sourcecode.swift; path = ExportDisplayPropertyTests.swift; sourceTree = "<group>"; };
		50A10E5F4668322C1A88192E /* PowerRankingsCalculator.swift */ = {isa = PBXFileReference; lastKnownFileType = sourcecode.swift; path = PowerRankingsCalculator.swift; sourceTree = "<group>"; };
		5A1B8FFD05B664DB2BE66A61 /* Assets.xcassets */ = {isa = PBXFileReference; lastKnownFileType = folder.assetcatalog; path = Assets.xcassets; sourceTree = "<group>"; };
		6585C6F2FAE781512C01D403 /* ContentView.swift */ = {isa = PBXFileReference; lastKnownFileType = sourcecode.swift; path = ContentView.swift; sourceTree = "<group>"; };
		65B17C303F82ECEDDBB362B2 /* LeagueListViewModel.swift */ = {isa = PBXFileReference; lastKnownFileType = sourcecode.swift; path = LeagueListViewModel.swift; sourceTree = "<group>"; };
		6B6E171CEF8B9475020124B0 /* TeamCardView.swift */ = {isa = PBXFileReference; lastKnownFileType = sourcecode.swift; path = TeamCardView.swift; sourceTree = "<group>"; };
		70BDA420E892E7A7EB1C2AFD /* SeasonPhasePropertyTests.swift */ = {isa = PBXFileReference; lastKnownFileType = sourcecode.swift; path = SeasonPhasePropertyTests.swift; sourceTree = "<group>"; };
		71D2821B7BF951FD2191B891 /* StorageServiceTests.swift */ = {isa = PBXFileReference; lastKnownFileType = sourcecode.swift; path = StorageServiceTests.swift; sourceTree = "<group>"; };
		75DE924C9EFC9241AA494783 /* ESPNParsingPropertyTests.swift */ = {isa = PBXFileReference; lastKnownFileType = sourcecode.swift; path = ESPNParsingPropertyTests.swift; sourceTree = "<group>"; };
		7832598505E171CBC5C807E9 /* ViewModelTests.swift */ = {isa = PBXFileReference; lastKnownFileType = sourcecode.swift; path = ViewModelTests.swift; sourceTree = "<group>"; };
		787B1671724FEC0CE927561A /* KeychainService.swift */ = {isa = PBXFileReference; lastKnownFileType = sourcecode.swift; path = KeychainService.swift; sourceTree = "<group>"; };
		852F7694D5BA78F3283B4782 /* SeasonPhase.swift */ = {isa = PBXFileReference; lastKnownFileType = sourcecode.swift; path = SeasonPhase.swift; sourceTree = "<group>"; };
		86385B969EE4AF521DC01197 /* BackendService.swift */ = {isa = PBXFileReference; lastKnownFileType = sourcecode.swift; path = BackendService.swift; sourceTree = "<group>"; };
		8787C5700D8BC94A306A5577 /* WeeklyRoastCache.swift */ = {isa = PBXFileReference; lastKnownFileType = sourcecode.swift; path = WeeklyRoastCache.swift; sourceTree = "<group>"; };
		888297CF9AD257E4499F5B8E /* LeagueContext.swift */ = {isa = PBXFileReference; lastKnownFileType = sourcecode.swift; path = LeagueContext.swift; sourceTree = "<group>"; };
		95876B151A430A8DA668164B /* BackgroundRefreshService.swift */ = {isa = PBXFileReference; lastKnownFileType = sourcecode.swift; path = BackgroundRefreshService.swift; sourceTree = "<group>"; };
		99FAC81FFE52CF7DBB96D524 /* PowerRankingsViewModel.swift */ = {isa = PBXFileReference; lastKnownFileType = sourcecode.swift; path = PowerRankingsViewModel.swift; sourceTree = "<group>"; };
		A155AF316B476649D67D4200 /* MultiLeaguePropertyTests.swift */ = {isa = PBXFileReference; lastKnownFileType = sourcecode.swift; path = MultiLeaguePropertyTests.swift; sourceTree = "<group>"; };
		A416F129A81CA1622C044604 /* ESPNAuthOptionsView.swift */ = {isa = PBXFileReference; lastKnownFileType = sourcecode.swift; path = ESPNAuthOptionsView.swift; sourceTree = "<group>"; };
		A5FAD9A34D3379D7EA8DB20D /* SkidmarkApp.swift */ = {isa = PBXFileReference; lastKnownFileType = sourcecode.swift; path = SkidmarkApp.swift; sourceTree = "<group>"; };
		AA34FD558CA029CF5BF87E5F /* LeagueDataService.swift */ = {isa = PBXFileReference; lastKnownFileType = sourcecode.swift; path = LeagueDataService.swift; sourceTree = "<group>"; };
		AC8A1C0000AC63BBCD11EDC9 /* RetryPolicy.swift */ = {isa = PBXFileReference; lastKnownFileType = sourcecode.swift; path = RetryPolicy.swift; sourceTree = "<group>"; };
		ACF98304BC8F0B7B13A39BEF /* PlayoffBracket.swift */ = {isa = PBXFileReference; lastKnownFileType = sourcecode.swift; path = PlayoffBracket.swift; sourceTree = "<group>"; };
		AF1EAD9F072CF15A055A4C52 /* StandingsCalculator.swift */ = {isa = PBXFileReference; lastKnownFileType = sourcecode.swift; path = StandingsCalculator.swift; sourceTree = "<group>"; };
		B4BAFB2602718924B1AE84DB /* RoastPropertyTests.swift */ = {isa = PBXFileReference; lastKnownFileType = sourcecode.swift; path = RoastPropertyTests.swift; sourceTree = "<group>"; };
		B7F39D977E0E7CCAFCB1936D /* SleeperServiceTests.swift */ = {isa = PBXFileReference; lastKnownFileType = sourcecode.swift; path = SleeperServiceTests.swift; sourceTree = "<group>"; };
		B9611C618C3B87C3B1EE14A4 /* PowerRankingsPropertyTests.swift */ = {isa = PBXFileReference; lastKnownFileType = sourcecode.swift; path = PowerRankingsPropertyTests.swift; sourceTree = "<group>"; };
		BAAF372220B84CF6BF3322DC /* LeagueSettings.swift */ = {isa = PBXFileReference; lastKnownFileType = sourcecode.swift; path = LeagueSettings.swift; sourceTree = "<group>"; };
		BB35B2EC7BD411C9D60297BA /* BackendServicePropertyTests.swift */ = {isa = PBXFileReference; lastKnownFileType = sourcecode.swift; path = BackendServicePropertyTests.swift; sourceTree = "<group>"; };
		BC8F3B392F1B55AB85214263 /* LeagueListView.swift */ = {isa = PBXFileReference; lastKnownFileType = sourcecode.swift; path = LeagueListView.swift; sourceTree = "<group>"; };
		BFDF0C51F213527D727B3395 /* BackendServiceTests.swift */ = {isa = PBXFileReference; lastKnownFileType = sourcecode.swift; path = BackendServiceTests.swift; sourceTree = "<group>"; };
		C625279257752EEFC5E403BD /* ESPNServiceTests.swift */ = {isa = PBXFileReference; lastKnownFileType = sourcecode.swift; path = ESPNServiceTests.swift; sourceTree = "<group>"; };
		C9D5A94DEE69C431A9577CE4 /* LeagueContextViewModel.swift */ = {isa = PBXFileReference; lastKnownFileType = sourcecode.swift; path = LeagueContextViewModel.swift; sourceTree = "<group>"; };
		CADC8B4A8B32DAA651D61C72 /* RoastCachePropertyTests.swift */ = {isa = PBXFileReference; lastKnownFileType = sourcecode.swift; path = RoastCachePropertyTests.swift; sourceTree = "<group>"; };
		CFED403E82537AB551765FDE /* SleeperService.swift */ = {isa = PBXFileReference; lastKnownFileType = sourcecode.swift; path = SleeperService.swift; sourceTree = "<group>"; };
		D7CE63C526865A0711E60F3D /* HomeView.swift */ = {isa = PBXFileReference; lastKnownFileType = sourcecode.swift; path = HomeView.swift; sourceTree = "<group>"; };
		D7D5D2FA9856A4434DB64997 /* Team.swift */ = {isa = PBXFileReference; lastKnownFileType = sourcecode.swift; path = Team.swift; sourceTree = "<group>"; };
		D8BCC984201D98D572F62BBB /* RetryableService.swift */ = {isa = PBXFileReference; lastKnownFileType = sourcecode.swift; path = RetryableService.swift; sourceTree = "<group>"; };
		D914FC653DDDBA675E55CE0C /* StorageService.swift */ = {isa = PBXFileReference; lastKnownFileType = sourcecode.swift; path = StorageService.swift; sourceTree = "<group>"; };
		E20F665DD9F0E1CF4DB9F8B8 /* ServiceContainer.swift */ = {isa = PBXFileReference; lastKnownFileType = sourcecode.swift; path = ServiceContainer.swift; sourceTree = "<group>"; };
		FC01DDF8C7BB59FEAD87112A /* DataPersistencePropertyTests.swift */ = {isa = PBXFileReference; lastKnownFileType = sourcecode.swift; path = DataPersistencePropertyTests.swift; sourceTree = "<group>"; };
		FC4379BA0FB8321A70A9492A /* WeeklyMatchup.swift */ = {isa = PBXFileReference; lastKnownFileType = sourcecode.swift; path = WeeklyMatchup.swift; sourceTree = "<group>"; };
/* End PBXFileReference section */

/* Begin PBXFrameworksBuildPhase section */
		0718A4D524A45AA0D0DF9CC5 /* Frameworks */ = {
			isa = PBXFrameworksBuildPhase;
			buildActionMask = 2147483647;
			files = (
				7E0211F2D8E36D1E128001D7 /* SwiftCheck in Frameworks */,
			);
			runOnlyForDeploymentPostprocessing = 0;
		};
/* End PBXFrameworksBuildPhase section */

/* Begin PBXGroup section */
		15DCE319591A3A09C56DC3E7 /* Tests */ = {
			isa = PBXGroup;
			children = (
				BB35B2EC7BD411C9D60297BA /* BackendServicePropertyTests.swift */,
				BFDF0C51F213527D727B3395 /* BackendServiceTests.swift */,
				FC01DDF8C7BB59FEAD87112A /* DataPersistencePropertyTests.swift */,
				08059A741D6C66C0AE7CC7F4 /* DataRefreshPropertyTests.swift */,
				75DE924C9EFC9241AA494783 /* ESPNParsingPropertyTests.swift */,
				C625279257752EEFC5E403BD /* ESPNServiceTests.swift */,
				4B07C82C991B2396D0CBA7AA /* ExportDisplayPropertyTests.swift */,
				24332FBFAEFB340173259C2F /* KeychainServiceTests.swift */,
				A155AF316B476649D67D4200 /* MultiLeaguePropertyTests.swift */,
				1A97602C08A2F65A45CCC783 /* PowerRankingsCalculatorTests.swift */,
				B9611C618C3B87C3B1EE14A4 /* PowerRankingsPropertyTests.swift */,
				CADC8B4A8B32DAA651D61C72 /* RoastCachePropertyTests.swift */,
				B4BAFB2602718924B1AE84DB /* RoastPropertyTests.swift */,
				70BDA420E892E7A7EB1C2AFD /* SeasonPhasePropertyTests.swift */,
				1A8A9E0AE8AEA12EBB14363A /* SleeperParsingPropertyTests.swift */,
				B7F39D977E0E7CCAFCB1936D /* SleeperServiceTests.swift */,
				4532BAF6247BD8F9EF574404 /* StoragePropertyTests.swift */,
				71D2821B7BF951FD2191B891 /* StorageServiceTests.swift */,
				057CFFABE9679351778B24CC /* TeamTests.swift */,
				2BA4792BBCCA3587C8F311FE /* TestUtilities.swift */,
				7832598505E171CBC5C807E9 /* ViewModelTests.swift */,
				2922A8F323820A9A93110A05 /* WeekNavigationPropertyTests.swift */,
			);
			path = Tests;
			sourceTree = "<group>";
		};
		18B8B1F4C89D19C2417B5785 /* Products */ = {
			isa = PBXGroup;
			children = (
				0B01877AA7250B1B26391EEC /* SkidmarkApp.app */,
				2FDA3F5FC4F67F6F7B525D87 /* SkidmarkAppTests.xctest */,
			);
			name = Products;
			sourceTree = "<group>";
		};
		243032088D622E039BC705D8 = {
			isa = PBXGroup;
			children = (
				A5FAD9A34D3379D7EA8DB20D /* SkidmarkApp.swift */,
				FA17A444C2B5EC3F3070638F /* Models */,
				72B4A3D3F32A1C2005F3E021 /* Services */,
				BE7A5636EEA12B1AD5852BE7 /* SupportingFiles */,
				15DCE319591A3A09C56DC3E7 /* Tests */,
				927350358B715C8D8455F677 /* Utilities */,
				BDAA7433E2F528BB2BB3C0CE /* ViewModels */,
				BACAEF67D074B3563CC33158 /* Views */,
				18B8B1F4C89D19C2417B5785 /* Products */,
			);
			sourceTree = "<group>";
		};
		72B4A3D3F32A1C2005F3E021 /* Services */ = {
			isa = PBXGroup;
			children = (
				86385B969EE4AF521DC01197 /* BackendService.swift */,
				95876B151A430A8DA668164B /* BackgroundRefreshService.swift */,
				1D84702D813C5DB53AFEE77B /* ESPNAuthenticationService.swift */,
				39012CC6B66E61FCCD4535D7 /* ESPNService.swift */,
				787B1671724FEC0CE927561A /* KeychainService.swift */,
				AA34FD558CA029CF5BF87E5F /* LeagueDataService.swift */,
				47C345A83CE0AAE5F6A9CA09 /* NetworkMonitor.swift */,
				D8BCC984201D98D572F62BBB /* RetryableService.swift */,
				AC8A1C0000AC63BBCD11EDC9 /* RetryPolicy.swift */,
				E20F665DD9F0E1CF4DB9F8B8 /* ServiceContainer.swift */,
				CFED403E82537AB551765FDE /* SleeperService.swift */,
				D914FC653DDDBA675E55CE0C /* StorageService.swift */,
			);
			path = Services;
			sourceTree = "<group>";
		};
		927350358B715C8D8455F677 /* Utilities */ = {
			isa = PBXGroup;
			children = (
				50A10E5F4668322C1A88192E /* PowerRankingsCalculator.swift */,
				0B453994BB178AD8B62A80C1 /* SeasonHelper.swift */,
				AF1EAD9F072CF15A055A4C52 /* StandingsCalculator.swift */,
			);
			path = Utilities;
			sourceTree = "<group>";
		};
		BACAEF67D074B3563CC33158 /* Views */ = {
			isa = PBXGroup;
			children = (
				6585C6F2FAE781512C01D403 /* ContentView.swift */,
				A416F129A81CA1622C044604 /* ESPNAuthOptionsView.swift */,
				0F5D4C1F4DC252B5EA1D4A30 /* ESPNCredentialManagementView.swift */,
				D7CE63C526865A0711E60F3D /* HomeView.swift */,
				164345739F43CE38DE992EDC /* LeagueContextView.swift */,
				BC8F3B392F1B55AB85214263 /* LeagueListView.swift */,
				4A3FBA676809938308E5E2DE /* MainTabView.swift */,
				3A163119E7B37E6EACAD5DB9 /* ManualCredentialEntryView.swift */,
				1C2099BF0CA93F9541880011 /* PowerRankingsView.swift */,
				175C5F7EC7BB092B34745167 /* SettingsView.swift */,
				6B6E171CEF8B9475020124B0 /* TeamCardView.swift */,
			);
			path = Views;
			sourceTree = "<group>";
		};
		BDAA7433E2F528BB2BB3C0CE /* ViewModels */ = {
			isa = PBXGroup;
			children = (
				C9D5A94DEE69C431A9577CE4 /* LeagueContextViewModel.swift */,
				65B17C303F82ECEDDBB362B2 /* LeagueListViewModel.swift */,
				99FAC81FFE52CF7DBB96D524 /* PowerRankingsViewModel.swift */,
			);
			path = ViewModels;
			sourceTree = "<group>";
		};
		BE7A5636EEA12B1AD5852BE7 /* SupportingFiles */ = {
			isa = PBXGroup;
			children = (
				5A1B8FFD05B664DB2BE66A61 /* Assets.xcassets */,
			);
			path = SupportingFiles;
			sourceTree = "<group>";
		};
		FA17A444C2B5EC3F3070638F /* Models */ = {
			isa = PBXGroup;
			children = (
				17FA4C67C057B7D215B91347 /* League.swift */,
				888297CF9AD257E4499F5B8E /* LeagueContext.swift */,
				BAAF372220B84CF6BF3322DC /* LeagueSettings.swift */,
				ACF98304BC8F0B7B13A39BEF /* PlayoffBracket.swift */,
				852F7694D5BA78F3283B4782 /* SeasonPhase.swift */,
				D7D5D2FA9856A4434DB64997 /* Team.swift */,
				FC4379BA0FB8321A70A9492A /* WeeklyMatchup.swift */,
				8787C5700D8BC94A306A5577 /* WeeklyRoastCache.swift */,
			);
			path = Models;
			sourceTree = "<group>";
		};
/* End PBXGroup section */

/* Begin PBXNativeTarget section */
		51106096F01E8D0007BD1727 /* SkidmarkAppTests */ = {
			isa = PBXNativeTarget;
			buildConfigurationList = 3A6EF1066872815A65638CC9 /* Build configuration list for PBXNativeTarget "SkidmarkAppTests" */;
			buildPhases = (
				AE1CC65C03598B49590C75F2 /* Sources */,
				0718A4D524A45AA0D0DF9CC5 /* Frameworks */,
			);
			buildRules = (
			);
			dependencies = (
				71F9BB14358E81BBCE7DCC38 /* PBXTargetDependency */,
			);
			name = SkidmarkAppTests;
			packageProductDependencies = (
				637A67899E28422D08A59A46 /* SwiftCheck */,
			);
			productName = SkidmarkAppTests;
			productReference = 2FDA3F5FC4F67F6F7B525D87 /* SkidmarkAppTests.xctest */;
			productType = "com.apple.product-type.bundle.unit-test";
		};
		7E2A87E0641BEFA72A483C9E /* SkidmarkApp */ = {
			isa = PBXNativeTarget;
			buildConfigurationList = 2C22EA975C9529B53DBBB3C5 /* Build configuration list for PBXNativeTarget "SkidmarkApp" */;
			buildPhases = (
				444245715446C064F0B0799A /* Sources */,
				7D8C6198CFD029AE5B150340 /* Resources */,
			);
			buildRules = (
			);
			dependencies = (
			);
			name = SkidmarkApp;
			packageProductDependencies = (
			);
			productName = SkidmarkApp;
			productReference = 0B01877AA7250B1B26391EEC /* SkidmarkApp.app */;
			productType = "com.apple.product-type.application";
		};
/* End PBXNativeTarget section */

/* Begin PBXProject section */
		E17234DCA30F34927AC6B8CC /* Project object */ = {
			isa = PBXProject;
			attributes = {
				BuildIndependentTargetsInParallel = YES;
				LastUpgradeCheck = 1620;
			};
			buildConfigurationList = 6CEC1934FB8CAC33AFC0AD17 /* Build configuration list for PBXProject "SkidmarkApp" */;
			compatibilityVersion = "Xcode 14.0";
			developmentRegion = en;
			hasScannedForEncodings = 0;
			knownRegions = (
				Base,
				en,
			);
			mainGroup = 243032088D622E039BC705D8;
			minimizedProjectReferenceProxies = 1;
			packageReferences = (
				453E1AADE7BB69344E15CDBA /* XCRemoteSwiftPackageReference "SwiftCheck" */,
			);
			preferredProjectObjectVersion = 77;
			projectDirPath = "";
			projectRoot = "";
			targets = (
				7E2A87E0641BEFA72A483C9E /* SkidmarkApp */,
				51106096F01E8D0007BD1727 /* SkidmarkAppTests */,
			);
		};
/* End PBXProject section */

/* Begin PBXResourcesBuildPhase section */
		7D8C6198CFD029AE5B150340 /* Resources */ = {
			isa = PBXResourcesBuildPhase;
			buildActionMask = 2147483647;
			files = (
				3C64E16CDEA37125A9354D26 /* Assets.xcassets in Resources */,
			);
			runOnlyForDeploymentPostprocessing = 0;
		};
/* End PBXResourcesBuildPhase section */

/* Begin PBXSourcesBuildPhase section */
		444245715446C064F0B0799A /* Sources */ = {
			isa = PBXSourcesBuildPhase;
			buildActionMask = 2147483647;
			files = (
				28D6521C6FF0462DE68C70FA /* BackendService.swift in Sources */,
				0ABE57D5E91FAF8CE14631AB /* BackgroundRefreshService.swift in Sources */,
				E07BC67B9EA143C4F44AE5EB /* ContentView.swift in Sources */,
				E84694067F420D032424ADB9 /* ESPNAuthOptionsView.swift in Sources */,
				4C4A36F56D85D36D8074CE95 /* ESPNAuthenticationService.swift in Sources */,
				CC241C02D748E1AF0CC82B3B /* ESPNCredentialManagementView.swift in Sources */,
				32FAAFE88C78DB91EEB63EDE /* ESPNService.swift in Sources */,
				5DFA270E257F9665397DF872 /* HomeView.swift in Sources */,
				8B33ACAB69ACE38DDEA610F4 /* KeychainService.swift in Sources */,
				F6B10B9B438B2E80B5A05F5E /* League.swift in Sources */,
				B2539DCE0D72381C8129AAF0 /* LeagueContext.swift in Sources */,
				B30735393B6CF385B4340A21 /* LeagueContextView.swift in Sources */,
				7E9C0F4C736A0F9029F99794 /* LeagueContextViewModel.swift in Sources */,
				E676AB63A36E634AD2C7ACEB /* LeagueDataService.swift in Sources */,
				4F4F4F51A41B1F4EC5C6EA9A /* LeagueListView.swift in Sources */,
				CA140CE7A0B27FEADB55A527 /* LeagueListViewModel.swift in Sources */,
				1063392D1DBCC055F13FEE4F /* LeagueSettings.swift in Sources */,
				B1649D006D3D731A163F3D2E /* MainTabView.swift in Sources */,
				6E3326677BE8ABDAD2E6F487 /* ManualCredentialEntryView.swift in Sources */,
				F866D2475CB39CC260B133A2 /* NetworkMonitor.swift in Sources */,
				055425152A290414C14641C2 /* PlayoffBracket.swift in Sources */,
				F0FEB9238DECB0F09DAAA6DA /* PowerRankingsCalculator.swift in Sources */,
				9A59F72B2038D66062D4B7C9 /* PowerRankingsView.swift in Sources */,
				BBA2948478412410121580B1 /* PowerRankingsViewModel.swift in Sources */,
				CC8E8499A08A2B8A3E6A70AF /* RetryPolicy.swift in Sources */,
				58F31E4CCDAA159B90662335 /* RetryableService.swift in Sources */,
				3C55A595E5CB0980A7F8AB2D /* SeasonHelper.swift in Sources */,
				A8FA1A62C7FFA305FC2BD884 /* SeasonPhase.swift in Sources */,
				03552D23D28F9FFCADF18CA3 /* ServiceContainer.swift in Sources */,
				1CDA6D2CC95C364C672D152B /* SettingsView.swift in Sources */,
				17B427A5644D8006D884369B /* SkidmarkApp.swift in Sources */,
				842BBA5F9E7FD597E60EFE87 /* SleeperService.swift in Sources */,
				78418306AEB99FBF0CCC8361 /* StandingsCalculator.swift in Sources */,
				646F7CB59A0858BB303AC33E /* StorageService.swift in Sources */,
				63F783B4679EE9952857ED19 /* Team.swift in Sources */,
				84FA3B2EEBFB9BAAFF63E020 /* TeamCardView.swift in Sources */,
				B2C29BF5D4B981AD59DE077C /* WeeklyMatchup.swift in Sources */,
				8E2685B105929FA260B2C882 /* WeeklyRoastCache.swift in Sources */,
			);
			runOnlyForDeploymentPostprocessing = 0;
		};
		AE1CC65C03598B49590C75F2 /* Sources */ = {
			isa = PBXSourcesBuildPhase;
			buildActionMask = 2147483647;
			files = (
				5839A1194DB33C052283A271 /* BackendServicePropertyTests.swift in Sources */,
				F4B516382D56F1E0042F3F02 /* BackendServiceTests.swift in Sources */,
				D6D54A0DF4B0D5C93CDA94BD /* DataPersistencePropertyTests.swift in Sources */,
				AABD80F10705B5B7FAC688EF /* DataRefreshPropertyTests.swift in Sources */,
				E4A09D37AF441ECE63C4640F /* ESPNParsingPropertyTests.swift in Sources */,
				D6EA825BD490421E75BEC430 /* ESPNServiceTests.swift in Sources */,
				0484AD5D713F4E49BC6D90D3 /* ExportDisplayPropertyTests.swift in Sources */,
				E3CA06E11957DB7F9E5FBC44 /* KeychainServiceTests.swift in Sources */,
				63E457E69755F8442F39FFD8 /* MultiLeaguePropertyTests.swift in Sources */,
				0756D8252746927D8038E8E6 /* PowerRankingsCalculatorTests.swift in Sources */,
				46E751998BAB89141E21DC7E /* PowerRankingsPropertyTests.swift in Sources */,
				20B845737D2B0CB59D60C740 /* RoastCachePropertyTests.swift in Sources */,
				300803F6488CD4B3E48C850D /* RoastPropertyTests.swift in Sources */,
				7976A859781FE1354C182118 /* SeasonPhasePropertyTests.swift in Sources */,
				5A9079A5EF1ADB63DE9B2D4D /* SleeperParsingPropertyTests.swift in Sources */,
				31F1AEDBA906EC2357BCF529 /* SleeperServiceTests.swift in Sources */,
				5BAC971106E6A3AF9BD0A1C5 /* StoragePropertyTests.swift in Sources */,
				B08AEAC82F21E1C2E4FF3100 /* StorageServiceTests.swift in Sources */,
				2DEB0D1476CC8207D1823116 /* TeamTests.swift in Sources */,
				E7BD92C90CAECE5CDE25D9A0 /* TestUtilities.swift in Sources */,
				98D069C1F7438ACBE76936F4 /* ViewModelTests.swift in Sources */,
				C72A416E60039D8507E11171 /* WeekNavigationPropertyTests.swift in Sources */,
			);
			runOnlyForDeploymentPostprocessing = 0;
		};
/* End PBXSourcesBuildPhase section */

/* Begin PBXTargetDependency section */
		71F9BB14358E81BBCE7DCC38 /* PBXTargetDependency */ = {
			isa = PBXTargetDependency;
			target = 7E2A87E0641BEFA72A483C9E /* SkidmarkApp */;
			targetProxy = 4A1D478927CF14A78778D290 /* PBXContainerItemProxy */;
		};
/* End PBXTargetDependency section */

/* Begin XCBuildConfiguration section */
		02C2980E8851DA3F842AC18D /* Debug */ = {
			isa = XCBuildConfiguration;
			buildSettings = {
				ALWAYS_SEARCH_USER_PATHS = NO;
				CLANG_ANALYZER_NONNULL = YES;
				CLANG_ANALYZER_NUMBER_OBJECT_CONVERSION = YES_AGGRESSIVE;
				CLANG_CXX_LANGUAGE_STANDARD = "gnu++14";
				CLANG_CXX_LIBRARY = "libc++";
				CLANG_ENABLE_MODULES = YES;
				CLANG_ENABLE_OBJC_ARC = YES;
				CLANG_ENABLE_OBJC_WEAK = YES;
				CLANG_WARN_BLOCK_CAPTURE_AUTORELEASING = YES;
				CLANG_WARN_BOOL_CONVERSION = YES;
				CLANG_WARN_COMMA = YES;
				CLANG_WARN_CONSTANT_CONVERSION = YES;
				CLANG_WARN_DEPRECATED_OBJC_IMPLEMENTATIONS = YES;
				CLANG_WARN_DIRECT_OBJC_ISA_USAGE = YES_ERROR;
				CLANG_WARN_DOCUMENTATION_COMMENTS = YES;
				CLANG_WARN_EMPTY_BODY = YES;
				CLANG_WARN_ENUM_CONVERSION = YES;
				CLANG_WARN_INFINITE_RECURSION = YES;
				CLANG_WARN_INT_CONVERSION = YES;
				CLANG_WARN_NON_LITERAL_NULL_CONVERSION = YES;
				CLANG_WARN_OBJC_IMPLICIT_RETAIN_SELF = YES;
				CLANG_WARN_OBJC_LITERAL_CONVERSION = YES;
				CLANG_WARN_OBJC_ROOT_CLASS = YES_ERROR;
				CLANG_WARN_QUOTED_INCLUDE_IN_FRAMEWORK_HEADER = YES;
				CLANG_WARN_RANGE_LOOP_ANALYSIS = YES;
				CLANG_WARN_STRICT_PROTOTYPES = YES;
				CLANG_WARN_SUSPICIOUS_MOVE = YES;
				CLANG_WARN_UNGUARDED_AVAILABILITY = YES_AGGRESSIVE;
				CLANG_WARN_UNREACHABLE_CODE = YES;
				CLANG_WARN__DUPLICATE_METHOD_MATCH = YES;
				COPY_PHASE_STRIP = NO;
				DEBUG_INFORMATION_FORMAT = dwarf;
				ENABLE_STRICT_OBJC_MSGSEND = YES;
				ENABLE_TESTABILITY = YES;
				GCC_C_LANGUAGE_STANDARD = gnu11;
				GCC_DYNAMIC_NO_PIC = NO;
				GCC_NO_COMMON_BLOCKS = YES;
				GCC_OPTIMIZATION_LEVEL = 0;
				GCC_PREPROCESSOR_DEFINITIONS = (
					"$(inherited)",
					"DEBUG=1",
				);
				GCC_WARN_64_TO_32_BIT_CONVERSION = YES;
				GCC_WARN_ABOUT_RETURN_TYPE = YES_ERROR;
				GCC_WARN_UNDECLARED_SELECTOR = YES;
				GCC_WARN_UNINITIALIZED_AUTOS = YES_AGGRESSIVE;
				GCC_WARN_UNUSED_FUNCTION = YES;
				GCC_WARN_UNUSED_VARIABLE = YES;
				IPHONEOS_DEPLOYMENT_TARGET = 18.0;
				MTL_ENABLE_DEBUG_INFO = INCLUDE_SOURCE;
				MTL_FAST_MATH = YES;
				ONLY_ACTIVE_ARCH = YES;
				PRODUCT_NAME = "$(TARGET_NAME)";
				SDKROOT = iphoneos;
				SWIFT_ACTIVE_COMPILATION_CONDITIONS = DEBUG;
				SWIFT_OPTIMIZATION_LEVEL = "-Onone";
				SWIFT_VERSION = 5.0;
			};
			name = Debug;
		};
		0430DE0BDB9F9813DB177FEE /* Debug */ = {
			isa = XCBuildConfiguration;
			buildSettings = {
				ASSETCATALOG_COMPILER_APPICON_NAME = AppIcon;
				CODE_SIGN_IDENTITY = "iPhone Developer";
				CURRENT_PROJECT_VERSION = 1;
				GENERATE_INFOPLIST_FILE = NO;
				INFOPLIST_FILE = SupportingFiles/Info.plist;
				LD_RUNPATH_SEARCH_PATHS = (
					"$(inherited)",
					"@executable_path/Frameworks",
				);
				MARKETING_VERSION = 1.0.0;
				PRODUCT_BUNDLE_IDENTIFIER = com.skidmark.SkidmarkApp;
				SDKROOT = iphoneos;
				SWIFT_VERSION = 5.9;
				TARGETED_DEVICE_FAMILY = "1,2";
			};
			name = Debug;
		};
		15A3C5CFA0F1DBE0E7645F1A /* Release */ = {
			isa = XCBuildConfiguration;
			buildSettings = {
				BUNDLE_LOADER = "$(TEST_HOST)";
				GENERATE_INFOPLIST_FILE = YES;
				LD_RUNPATH_SEARCH_PATHS = (
					"$(inherited)",
					"@executable_path/Frameworks",
					"@loader_path/Frameworks",
				);
				PRODUCT_BUNDLE_IDENTIFIER = com.skidmark.SkidmarkAppTests;
				SDKROOT = iphoneos;
				SWIFT_VERSION = 5.9;
				TARGETED_DEVICE_FAMILY = "1,2";
				TEST_HOST = "$(BUILT_PRODUCTS_DIR)/SkidmarkApp.app/SkidmarkApp";
			};
			name = Release;
		};
		2C04389661F295C30B2B7715 /* Release */ = {
			isa = XCBuildConfiguration;
			buildSettings = {
				ALWAYS_SEARCH_USER_PATHS = NO;
				CLANG_ANALYZER_NONNULL = YES;
				CLANG_ANALYZER_NUMBER_OBJECT_CONVERSION = YES_AGGRESSIVE;
				CLANG_CXX_LANGUAGE_STANDARD = "gnu++14";
				CLANG_CXX_LIBRARY = "libc++";
				CLANG_ENABLE_MODULES = YES;
				CLANG_ENABLE_OBJC_ARC = YES;
				CLANG_ENABLE_OBJC_WEAK = YES;
				CLANG_WARN_BLOCK_CAPTURE_AUTORELEASING = YES;
				CLANG_WARN_BOOL_CONVERSION = YES;
				CLANG_WARN_COMMA = YES;
				CLANG_WARN_CONSTANT_CONVERSION = YES;
				CLANG_WARN_DEPRECATED_OBJC_IMPLEMENTATIONS = YES;
				CLANG_WARN_DIRECT_OBJC_ISA_USAGE = YES_ERROR;
				CLANG_WARN_DOCUMENTATION_COMMENTS = YES;
				CLANG_WARN_EMPTY_BODY = YES;
				CLANG_WARN_ENUM_CONVERSION = YES;
				CLANG_WARN_INFINITE_RECURSION = YES;
				CLANG_WARN_INT_CONVERSION = YES;
				CLANG_WARN_NON_LITERAL_NULL_CONVERSION = YES;
				CLANG_WARN_OBJC_IMPLICIT_RETAIN_SELF = YES;
				CLANG_WARN_OBJC_LITERAL_CONVERSION = YES;
				CLANG_WARN_OBJC_ROOT_CLASS = YES_ERROR;
				CLANG_WARN_QUOTED_INCLUDE_IN_FRAMEWORK_HEADER = YES;
				CLANG_WARN_RANGE_LOOP_ANALYSIS = YES;
				CLANG_WARN_STRICT_PROTOTYPES = YES;
				CLANG_WARN_SUSPICIOUS_MOVE = YES;
				CLANG_WARN_UNGUARDED_AVAILABILITY = YES_AGGRESSIVE;
				CLANG_WARN_UNREACHABLE_CODE = YES;
				CLANG_WARN__DUPLICATE_METHOD_MATCH = YES;
				COPY_PHASE_STRIP = NO;
				DEBUG_INFORMATION_FORMAT = "dwarf-with-dsym";
				ENABLE_NS_ASSERTIONS = NO;
				ENABLE_STRICT_OBJC_MSGSEND = YES;
				GCC_C_LANGUAGE_STANDARD = gnu11;
				GCC_NO_COMMON_BLOCKS = YES;
				GCC_WARN_64_TO_32_BIT_CONVERSION = YES;
				GCC_WARN_ABOUT_RETURN_TYPE = YES_ERROR;
				GCC_WARN_UNDECLARED_SELECTOR = YES;
				GCC_WARN_UNINITIALIZED_AUTOS = YES_AGGRESSIVE;
				GCC_WARN_UNUSED_FUNCTION = YES;
				GCC_WARN_UNUSED_VARIABLE = YES;
				IPHONEOS_DEPLOYMENT_TARGET = 18.0;
				MTL_ENABLE_DEBUG_INFO = NO;
				MTL_FAST_MATH = YES;
				PRODUCT_NAME = "$(TARGET_NAME)";
				SDKROOT = iphoneos;
				SWIFT_COMPILATION_MODE = wholemodule;
				SWIFT_OPTIMIZATION_LEVEL = "-O";
				SWIFT_VERSION = 5.0;
			};
			name = Release;
		};
		5011788BBB49AB73B695E2BD /* Debug */ = {
			isa = XCBuildConfiguration;
			buildSettings = {
				BUNDLE_LOADER = "$(TEST_HOST)";
				GENERATE_INFOPLIST_FILE = YES;
				LD_RUNPATH_SEARCH_PATHS = (
					"$(inherited)",
					"@executable_path/Frameworks",
					"@loader_path/Frameworks",
				);
				PRODUCT_BUNDLE_IDENTIFIER = com.skidmark.SkidmarkAppTests;
				SDKROOT = iphoneos;
				SWIFT_VERSION = 5.9;
				TARGETED_DEVICE_FAMILY = "1,2";
				TEST_HOST = "$(BUILT_PRODUCTS_DIR)/SkidmarkApp.app/SkidmarkApp";
			};
			name = Debug;
		};
		E88FB5BD59875859EA1AA76B /* Release */ = {
			isa = XCBuildConfiguration;
			buildSettings = {
				ASSETCATALOG_COMPILER_APPICON_NAME = AppIcon;
				CODE_SIGN_IDENTITY = "iPhone Developer";
				CURRENT_PROJECT_VERSION = 1;
				GENERATE_INFOPLIST_FILE = NO;
				INFOPLIST_FILE = SupportingFiles/Info.plist;
				LD_RUNPATH_SEARCH_PATHS = (
					"$(inherited)",
					"@executable_path/Frameworks",
				);
				MARKETING_VERSION = 1.0.0;
				PRODUCT_BUNDLE_IDENTIFIER = com.skidmark.SkidmarkApp;
				SDKROOT = iphoneos;
				SWIFT_VERSION = 5.9;
				TARGETED_DEVICE_FAMILY = "1,2";
			};
			name = Release;
		};
/* End XCBuildConfiguration section */

/* Begin XCConfigurationList section */
		2C22EA975C9529B53DBBB3C5 /* Build configuration list for PBXNativeTarget "SkidmarkApp" */ = {
			isa = XCConfigurationList;
			buildConfigurations = (
				0430DE0BDB9F9813DB177FEE /* Debug */,
				E88FB5BD59875859EA1AA76B /* Release */,
			);
			defaultConfigurationIsVisible = 0;
			defaultConfigurationName = Debug;
		};
		3A6EF1066872815A65638CC9 /* Build configuration list for PBXNativeTarget "SkidmarkAppTests" */ = {
			isa = XCConfigurationList;
			buildConfigurations = (
				5011788BBB49AB73B695E2BD /* Debug */,
				15A3C5CFA0F1DBE0E7645F1A /* Release */,
			);
			defaultConfigurationIsVisible = 0;
			defaultConfigurationName = Debug;
		};
		6CEC1934FB8CAC33AFC0AD17 /* Build configuration list for PBXProject "SkidmarkApp" */ = {
			isa = XCConfigurationList;
			buildConfigurations = (
				02C2980E8851DA3F842AC18D /* Debug */,
				2C04389661F295C30B2B7715 /* Release */,
			);
			defaultConfigurationIsVisible = 0;
			defaultConfigurationName = Debug;
		};
/* End XCConfigurationList section */

/* Begin XCRemoteSwiftPackageReference section */
		453E1AADE7BB69344E15CDBA /* XCRemoteSwiftPackageReference "SwiftCheck" */ = {
			isa = XCRemoteSwiftPackageReference;
			repositoryURL = "https://github.com/typelift/SwiftCheck.git";
			requirement = {
				kind = upToNextMajorVersion;
				minimumVersion = 0.12.0;
			};
		};
/* End XCRemoteSwiftPackageReference section */

/* Begin XCSwiftPackageProductDependency section */
		637A67899E28422D08A59A46 /* SwiftCheck */ = {
			isa = XCSwiftPackageProductDependency;
			package = 453E1AADE7BB69344E15CDBA /* XCRemoteSwiftPackageReference "SwiftCheck" */;
			productName = SwiftCheck;
		};
/* End XCSwiftPackageProductDependency section */
	};
	rootObject = E17234DCA30F34927AC6B8CC /* Project object */;
}
